
Microsoft Visual Studio Solution File, Format Version 12.00
# Visual Studio Version 17
VisualStudioVersion = 17.11.35222.181
MinimumVisualStudioVersion = 10.0.40219.1
Project("{9A19103F-16F7-4668-BE54-9A1E7A4F7556}") = "AssignmentApp", "AssignmentApp\AssignmentApp.csproj", "{C2CD50DA-744A-4D92-8A07-CA29584AC7A6}"
EndProject
Project("{9A19103F-16F7-4668-BE54-9A1E7A4F7556}") = "Domain", "Domain\Domain.csproj", "{80361E91-72D7-4B10-A8A6-FFD6601DC628}"
EndProject
Project("{9A19103F-16F7-4668-BE54-9A1E7A4F7556}") = "Application", "Application\Application.csproj", "{397CFD93-2ACF-4564-8C5C-626E3F837051}"
EndProject
Project("{9A19103F-16F7-4668-BE54-9A1E7A4F7556}") = "Infrastructure", "Infrastructure\Infrastructure.csproj", "{A08EE84E-9824-4C3D-A6B2-DBAF27F4E8B8}"
EndProject
Project("{9A19103F-16F7-4668-BE54-9A1E7A4F7556}") = "UnitTests", "UnitTests\UnitTests.csproj", "{94F39C49-F66E-4F96-B39A-99A448AFB268}"
EndProject
Global
	GlobalSection(SolutionConfigurationPlatforms) = preSolution
		Debug|Any CPU = Debug|Any CPU
		Release|Any CPU = Release|Any CPU
	EndGlobalSection
	GlobalSection(ProjectConfigurationPlatforms) = postSolution
		{C2CD50DA-744A-4D92-8A07-CA29584AC7A6}.Debug|Any CPU.ActiveCfg = Debug|Any CPU
		{C2CD50DA-744A-4D92-8A07-CA29584AC7A6}.Debug|Any CPU.Build.0 = Debug|Any CPU
		{C2CD50DA-744A-4D92-8A07-CA29584AC7A6}.Release|Any CPU.ActiveCfg = Release|Any CPU
		{C2CD50DA-744A-4D92-8A07-CA29584AC7A6}.Release|Any CPU.Build.0 = Release|Any CPU
		{80361E91-72D7-4B10-A8A6-FFD6601DC628}.Debug|Any CPU.ActiveCfg = Debug|Any CPU
		{80361E91-72D7-4B10-A8A6-FFD6601DC628}.Debug|Any CPU.Build.0 = Debug|Any CPU
		{80361E91-72D7-4B10-A8A6-FFD6601DC628}.Release|Any CPU.ActiveCfg = Release|Any CPU
		{80361E91-72D7-4B10-A8A6-FFD6601DC628}.Release|Any CPU.Build.0 = Release|Any CPU
		{397CFD93-2ACF-4564-8C5C-626E3F837051}.Debug|Any CPU.ActiveCfg = Debug|Any CPU
		{397CFD93-2ACF-4564-8C5C-626E3F837051}.Debug|Any CPU.Build.0 = Debug|Any CPU
		{397CFD93-2ACF-4564-8C5C-626E3F837051}.Release|Any CPU.ActiveCfg = Release|Any CPU
		{397CFD93-2ACF-4564-8C5C-626E3F837051}.Release|Any CPU.Build.0 = Release|Any CPU
		{A08EE84E-9824-4C3D-A6B2-DBAF27F4E8B8}.Debug|Any CPU.ActiveCfg = Debug|Any CPU
		{A08EE84E-9824-4C3D-A6B2-DBAF27F4E8B8}.Debug|Any CPU.Build.0 = Debug|Any CPU
		{A08EE84E-9824-4C3D-A6B2-DBAF27F4E8B8}.Release|Any CPU.ActiveCfg = Release|Any CPU
		{A08EE84E-9824-4C3D-A6B2-DBAF27F4E8B8}.Release|Any CPU.Build.0 = Release|Any CPU
		{94F39C49-F66E-4F96-B39A-99A448AFB268}.Debug|Any CPU.ActiveCfg = Debug|Any CPU
		{94F39C49-F66E-4F96-B39A-99A448AFB268}.Debug|Any CPU.Build.0 = Debug|Any CPU
		{94F39C49-F66E-4F96-B39A-99A448AFB268}.Release|Any CPU.ActiveCfg = Release|Any CPU
		{94F39C49-F66E-4F96-B39A-99A448AFB268}.Release|Any CPU.Build.0 = Release|Any CPU
	EndGlobalSection
	GlobalSection(SolutionProperties) = preSolution
		HideSolutionNode = FALSE
	EndGlobalSection
	GlobalSection(ExtensibilityGlobals) = postSolution
		SolutionGuid = {1FCF6BF4-F2E2-4C4D-834E-3ED1EF4D7D9B}
	EndGlobalSection
EndGlobal
