
Microsoft Visual Studio Solution File, Format Version 12.00
# Visual Studio Version 17
VisualStudioVersion = 17.11.35222.181
MinimumVisualStudioVersion = 10.0.40219.1
Project("{9A19103F-16F7-4668-BE54-9A1E7A4F7556}") = "AssignmentWebUI", "AssignmentApp\AssignmentWebUI.csproj", "{C2CD50DA-744A-4D92-8A07-CA29584AC7A6}"
EndProject
Project("{9A19103F-16F7-4668-BE54-9A1E7A4F7556}") = "Assignment.Domain", "Domain\Assignment.Domain.csproj", "{80361E91-72D7-4B10-A8A6-FFD6601DC628}"
EndProject
Project("{9A19103F-16F7-4668-BE54-9A1E7A4F7556}") = "Assignment.Application", "Application\Assignment.Application.csproj", "{397CFD93-2ACF-4564-8C5C-626E3F837051}"
EndProject
Project("{9A19103F-16F7-4668-BE54-9A1E7A4F7556}") = "Assignment.Infrastructure", "Infrastructure\Assignment.Infrastructure.csproj", "{A08EE84E-9824-4C3D-A6B2-DBAF27F4E8B8}"
EndProject
Project("{9A19103F-16F7-4668-BE54-9A1E7A4F7556}") = "UnitTests", "UnitTests\UnitTests.csproj", "{94F39C49-F66E-4F96-B39A-99A448AFB268}"
EndProject
Project("{2150E333-8FDC-42A3-9474-1A3956D46DE8}") = "Src", "Src", "{D8AE3F14-F28A-4996-A545-26EA9078D0A3}"
EndProject
Project("{2150E333-8FDC-42A3-9474-1A3956D46DE8}") = "Tests", "Tests", "{3FDE6C31-BD21-482F-A350-8EBF1AA01281}"
EndProject
Project("{2150E333-8FDC-42A3-9474-1A3956D46DE8}") = "WebUI", "WebUI", "{32CC5A54-3E57-4EC1-8E85-CC7FC7FCCD6E}"
EndProject
Project("{2150E333-8FDC-42A3-9474-1A3956D46DE8}") = "Applcation", "Applcation", "{28AA46A2-0F57-4781-B0DA-BA59CE40BFF0}"
EndProject
Project("{2150E333-8FDC-42A3-9474-1A3956D46DE8}") = "Domain", "Domain", "{E58ECA27-1598-4E54-8514-53469CE8B65A}"
EndProject
Project("{2150E333-8FDC-42A3-9474-1A3956D46DE8}") = "Infrastructure", "Infrastructure", "{D5549FAB-28D9-4A4B-B5DC-8C6051273971}"
EndProject
Global
	GlobalSection(SolutionConfigurationPlatforms) = preSolution
		Debug|Any CPU = Debug|Any CPU
		Release|Any CPU = Release|Any CPU
	EndGlobalSection
	GlobalSection(ProjectConfigurationPlatforms) = postSolution
		{C2CD50DA-744A-4D92-8A07-CA29584AC7A6}.Debug|Any CPU.ActiveCfg = Debug|Any CPU
		{C2CD50DA-744A-4D92-8A07-CA29584AC7A6}.Debug|Any CPU.Build.0 = Debug|Any CPU
		{C2CD50DA-744A-4D92-8A07-CA29584AC7A6}.Release|Any CPU.ActiveCfg = Release|Any CPU
		{C2CD50DA-744A-4D92-8A07-CA29584AC7A6}.Release|Any CPU.Build.0 = Release|Any CPU
		{80361E91-72D7-4B10-A8A6-FFD6601DC628}.Debug|Any CPU.ActiveCfg = Debug|Any CPU
		{80361E91-72D7-4B10-A8A6-FFD6601DC628}.Debug|Any CPU.Build.0 = Debug|Any CPU
		{80361E91-72D7-4B10-A8A6-FFD6601DC628}.Release|Any CPU.ActiveCfg = Release|Any CPU
		{80361E91-72D7-4B10-A8A6-FFD6601DC628}.Release|Any CPU.Build.0 = Release|Any CPU
		{397CFD93-2ACF-4564-8C5C-626E3F837051}.Debug|Any CPU.ActiveCfg = Debug|Any CPU
		{397CFD93-2ACF-4564-8C5C-626E3F837051}.Debug|Any CPU.Build.0 = Debug|Any CPU
		{397CFD93-2ACF-4564-8C5C-626E3F837051}.Release|Any CPU.ActiveCfg = Release|Any CPU
		{397CFD93-2ACF-4564-8C5C-626E3F837051}.Release|Any CPU.Build.0 = Release|Any CPU
		{A08EE84E-9824-4C3D-A6B2-DBAF27F4E8B8}.Debug|Any CPU.ActiveCfg = Debug|Any CPU
		{A08EE84E-9824-4C3D-A6B2-DBAF27F4E8B8}.Debug|Any CPU.Build.0 = Debug|Any CPU
		{A08EE84E-9824-4C3D-A6B2-DBAF27F4E8B8}.Release|Any CPU.ActiveCfg = Release|Any CPU
		{A08EE84E-9824-4C3D-A6B2-DBAF27F4E8B8}.Release|Any CPU.Build.0 = Release|Any CPU
		{94F39C49-F66E-4F96-B39A-99A448AFB268}.Debug|Any CPU.ActiveCfg = Debug|Any CPU
		{94F39C49-F66E-4F96-B39A-99A448AFB268}.Debug|Any CPU.Build.0 = Debug|Any CPU
		{94F39C49-F66E-4F96-B39A-99A448AFB268}.Release|Any CPU.ActiveCfg = Release|Any CPU
		{94F39C49-F66E-4F96-B39A-99A448AFB268}.Release|Any CPU.Build.0 = Release|Any CPU
	EndGlobalSection
	GlobalSection(SolutionProperties) = preSolution
		HideSolutionNode = FALSE
	EndGlobalSection
	GlobalSection(NestedProjects) = preSolution
		{C2CD50DA-744A-4D92-8A07-CA29584AC7A6} = {32CC5A54-3E57-4EC1-8E85-CC7FC7FCCD6E}
		{80361E91-72D7-4B10-A8A6-FFD6601DC628} = {E58ECA27-1598-4E54-8514-53469CE8B65A}
		{397CFD93-2ACF-4564-8C5C-626E3F837051} = {28AA46A2-0F57-4781-B0DA-BA59CE40BFF0}
		{A08EE84E-9824-4C3D-A6B2-DBAF27F4E8B8} = {D5549FAB-28D9-4A4B-B5DC-8C6051273971}
		{94F39C49-F66E-4F96-B39A-99A448AFB268} = {3FDE6C31-BD21-482F-A350-8EBF1AA01281}
		{32CC5A54-3E57-4EC1-8E85-CC7FC7FCCD6E} = {D8AE3F14-F28A-4996-A545-26EA9078D0A3}
		{28AA46A2-0F57-4781-B0DA-BA59CE40BFF0} = {D8AE3F14-F28A-4996-A545-26EA9078D0A3}
		{E58ECA27-1598-4E54-8514-53469CE8B65A} = {D8AE3F14-F28A-4996-A545-26EA9078D0A3}
		{D5549FAB-28D9-4A4B-B5DC-8C6051273971} = {D8AE3F14-F28A-4996-A545-26EA9078D0A3}
	EndGlobalSection
	GlobalSection(ExtensibilityGlobals) = postSolution
		SolutionGuid = {1FCF6BF4-F2E2-4C4D-834E-3ED1EF4D7D9B}
	EndGlobalSection
EndGlobal
